
Microsoft Visual Studio Solution File, Format Version 12.00
Project("{2150E333-8FDC-42A3-9474-1A3956D46DE8}") = "Back", "Back", "{9B6CA3D5-DFAE-4D67-979D-C3175A47F300}"
EndProject
Project("{FAE04EC0-301F-11D3-BF4B-00C04F79EFBC}") = "UAM.API", "UAM.API\UAM.API.csproj", "{E0C69390-30B5-4445-89F0-9B0954EBE10A}"
EndProject
Project("{2150E333-8FDC-42A3-9474-1A3956D46DE8}") = "Dekstop", "Dekstop", "{8EE63CD1-3885-4B0D-8FB5-6283FE1480B4}"
EndProject
Project("{FAE04EC0-301F-11D3-BF4B-00C04F79EFBC}") = "ClientLauncher", "ClientLauncher\ClientLauncher.csproj", "{942C2917-B5BC-476C-AF75-86C5487D4CED}"
EndProject
Project("{FAE04EC0-301F-11D3-BF4B-00C04F79EFBC}") = "UAM.Core", "UAM.Core\UAM.Core.csproj", "{A115018E-A59F-4184-AE37-59B1BDE4D1D6}"
EndProject
Project("{FAE04EC0-301F-11D3-BF4B-00C04F79EFBC}") = "LoadLauncher", "LoadLauncher\LoadLauncher.csproj", "{D820E91E-B89E-4264-B175-27B4801E8BC3}"
EndProject
Project("{2150E333-8FDC-42A3-9474-1A3956D46DE8}") = "Worker", "Worker", "{5C747480-968D-4D68-8BF5-EC1D23601906}"
EndProject
Project("{2150E333-8FDC-42A3-9474-1A3956D46DE8}") = "Client", "Client", "{2E62385F-DDB5-4EC3-8D2E-9CC85D28755C}"
EndProject
Project("{FAE04EC0-301F-11D3-BF4B-00C04F79EFBC}") = "WorkerLauncher", "WorkerLauncher\WorkerLauncher.csproj", "{186280D2-3331-4F97-BDE2-F0AB2505244A}"
EndProject
Project("{FAE04EC0-301F-11D3-BF4B-00C04F79EFBC}") = "WorkerEmailReader", "WorkerEmailReader\WorkerEmailReader.csproj", "{55C3B8B5-D8EA-414F-8ADA-EF4507A80C5C}"
EndProject
Project("{2150E333-8FDC-42A3-9474-1A3956D46DE8}") = "UAM.Web", "UAM.Web", "{13FF92A7-E5B6-46FF-A455-0E63F0663B2E}"
	ProjectSection(SolutionItems) = preProject
		UAM.Web\index.html = UAM.Web\index.html
		UAM.Web\scripts.js = UAM.Web\scripts.js
		UAM.Web\style.css = UAM.Web\style.css
	EndProjectSection
EndProject
Global
	GlobalSection(SolutionConfigurationPlatforms) = preSolution
		Debug|Any CPU = Debug|Any CPU
		Release|Any CPU = Release|Any CPU
	EndGlobalSection
	GlobalSection(NestedProjects) = preSolution
		{E0C69390-30B5-4445-89F0-9B0954EBE10A} = {9B6CA3D5-DFAE-4D67-979D-C3175A47F300}
		{A115018E-A59F-4184-AE37-59B1BDE4D1D6} = {8EE63CD1-3885-4B0D-8FB5-6283FE1480B4}
		{D820E91E-B89E-4264-B175-27B4801E8BC3} = {8EE63CD1-3885-4B0D-8FB5-6283FE1480B4}
		{5C747480-968D-4D68-8BF5-EC1D23601906} = {8EE63CD1-3885-4B0D-8FB5-6283FE1480B4}
		{2E62385F-DDB5-4EC3-8D2E-9CC85D28755C} = {8EE63CD1-3885-4B0D-8FB5-6283FE1480B4}
		{942C2917-B5BC-476C-AF75-86C5487D4CED} = {2E62385F-DDB5-4EC3-8D2E-9CC85D28755C}
		{186280D2-3331-4F97-BDE2-F0AB2505244A} = {5C747480-968D-4D68-8BF5-EC1D23601906}
		{55C3B8B5-D8EA-414F-8ADA-EF4507A80C5C} = {5C747480-968D-4D68-8BF5-EC1D23601906}
	EndGlobalSection
	GlobalSection(ProjectConfigurationPlatforms) = postSolution
		{E0C69390-30B5-4445-89F0-9B0954EBE10A}.Debug|Any CPU.ActiveCfg = Debug|Any CPU
		{E0C69390-30B5-4445-89F0-9B0954EBE10A}.Debug|Any CPU.Build.0 = Debug|Any CPU
		{E0C69390-30B5-4445-89F0-9B0954EBE10A}.Release|Any CPU.ActiveCfg = Release|Any CPU
		{E0C69390-30B5-4445-89F0-9B0954EBE10A}.Release|Any CPU.Build.0 = Release|Any CPU
		{942C2917-B5BC-476C-AF75-86C5487D4CED}.Debug|Any CPU.ActiveCfg = Debug|Any CPU
		{942C2917-B5BC-476C-AF75-86C5487D4CED}.Debug|Any CPU.Build.0 = Debug|Any CPU
		{942C2917-B5BC-476C-AF75-86C5487D4CED}.Release|Any CPU.ActiveCfg = Release|Any CPU
		{942C2917-B5BC-476C-AF75-86C5487D4CED}.Release|Any CPU.Build.0 = Release|Any CPU
		{A115018E-A59F-4184-AE37-59B1BDE4D1D6}.Debug|Any CPU.ActiveCfg = Debug|Any CPU
		{A115018E-A59F-4184-AE37-59B1BDE4D1D6}.Debug|Any CPU.Build.0 = Debug|Any CPU
		{A115018E-A59F-4184-AE37-59B1BDE4D1D6}.Release|Any CPU.ActiveCfg = Release|Any CPU
		{A115018E-A59F-4184-AE37-59B1BDE4D1D6}.Release|Any CPU.Build.0 = Release|Any CPU
		{D820E91E-B89E-4264-B175-27B4801E8BC3}.Debug|Any CPU.ActiveCfg = Debug|Any CPU
		{D820E91E-B89E-4264-B175-27B4801E8BC3}.Debug|Any CPU.Build.0 = Debug|Any CPU
		{D820E91E-B89E-4264-B175-27B4801E8BC3}.Release|Any CPU.ActiveCfg = Release|Any CPU
		{D820E91E-B89E-4264-B175-27B4801E8BC3}.Release|Any CPU.Build.0 = Release|Any CPU
		{186280D2-3331-4F97-BDE2-F0AB2505244A}.Debug|Any CPU.ActiveCfg = Debug|Any CPU
		{186280D2-3331-4F97-BDE2-F0AB2505244A}.Debug|Any CPU.Build.0 = Debug|Any CPU
		{186280D2-3331-4F97-BDE2-F0AB2505244A}.Release|Any CPU.ActiveCfg = Release|Any CPU
		{186280D2-3331-4F97-BDE2-F0AB2505244A}.Release|Any CPU.Build.0 = Release|Any CPU
		{55C3B8B5-D8EA-414F-8ADA-EF4507A80C5C}.Debug|Any CPU.ActiveCfg = Debug|Any CPU
		{55C3B8B5-D8EA-414F-8ADA-EF4507A80C5C}.Debug|Any CPU.Build.0 = Debug|Any CPU
		{55C3B8B5-D8EA-414F-8ADA-EF4507A80C5C}.Release|Any CPU.ActiveCfg = Release|Any CPU
		{55C3B8B5-D8EA-414F-8ADA-EF4507A80C5C}.Release|Any CPU.Build.0 = Release|Any CPU
	EndGlobalSection
EndGlobal
